
Microsoft Visual Studio Solution File, Format Version 12.00
# Visual Studio Version 16
VisualStudioVersion = 25.0.1706.5
MinimumVisualStudioVersion = 10.0.40219.1
Project("{FAE04EC0-301F-11D3-BF4B-00C04F79EFBC}") = "SampleMVCApp", "SampleMVCApp\SampleMVCApp.csproj", "{E017A98D-2FC5-427E-9CDE-2A8FD6A7F6E0}"
EndProject
Global
	GlobalSection(SolutionConfigurationPlatforms) = preSolution
		Debug|Any CPU = Debug|Any CPU
		Release|Any CPU = Release|Any CPU
	EndGlobalSection
	GlobalSection(ProjectConfigurationPlatforms) = postSolution
		{E017A98D-2FC5-427E-9CDE-2A8FD6A7F6E0}.Debug|Any CPU.ActiveCfg = Debug|Any CPU
		{E017A98D-2FC5-427E-9CDE-2A8FD6A7F6E0}.Debug|Any CPU.Build.0 = Debug|Any CPU
		{E017A98D-2FC5-427E-9CDE-2A8FD6A7F6E0}.Release|Any CPU.ActiveCfg = Release|Any CPU
		{E017A98D-2FC5-427E-9CDE-2A8FD6A7F6E0}.Release|Any CPU.Build.0 = Release|Any CPU
	EndGlobalSection
	GlobalSection(SolutionProperties) = preSolution
		HideSolutionNode = FALSE
	EndGlobalSection
	GlobalSection(ExtensibilityGlobals) = postSolution
		SolutionGuid = {6544C75C-A56F-4BBB-B7F7-DB4A7AA04092}
	EndGlobalSection
EndGlobal
